// !$*UTF8*$!
{
	archiveVersion = 1;
	classes = {
	};
	objectVersion = 46;
	objects = {

/* Begin PBXBuildFile section */
		BC10D4EA1601112A00968ADB /* NSMutableArray+StackOps.h in Headers */ = {isa = PBXBuildFile; fileRef = BC10D4E81601112A00968ADB /* NSMutableArray+StackOps.h */; };
		BC10D4EB1601112A00968ADB /* NSMutableArray+StackOps.m in Sources */ = {isa = PBXBuildFile; fileRef = BC10D4E91601112A00968ADB /* NSMutableArray+StackOps.m */; };
		BC236CCE13EF462A006C41C0 /* Cocoa.framework in Frameworks */ = {isa = PBXBuildFile; fileRef = BC236CCD13EF462A006C41C0 /* Cocoa.framework */; };
		BC236CD813EF462A006C41C0 /* InfoPlist.strings in Resources */ = {isa = PBXBuildFile; fileRef = BC236CD613EF462A006C41C0 /* InfoPlist.strings */; };
		BC236CE413EF462A006C41C0 /* SenTestingKit.framework in Frameworks */ = {isa = PBXBuildFile; fileRef = BC236CE313EF462A006C41C0 /* SenTestingKit.framework */; };
		BC236CE513EF462A006C41C0 /* Cocoa.framework in Frameworks */ = {isa = PBXBuildFile; fileRef = BC236CCD13EF462A006C41C0 /* Cocoa.framework */; };
		BC236CE813EF462A006C41C0 /* TagLib.framework in Frameworks */ = {isa = PBXBuildFile; fileRef = BC236CCA13EF462A006C41C0 /* TagLib.framework */; };
		BC236CEE13EF462A006C41C0 /* InfoPlist.strings in Resources */ = {isa = PBXBuildFile; fileRef = BC236CEC13EF462A006C41C0 /* InfoPlist.strings */; };
		BC236CF013EF462A006C41C0 /* TagLibTests.h in Resources */ = {isa = PBXBuildFile; fileRef = BC236CEF13EF462A006C41C0 /* TagLibTests.h */; };
		BC236CF213EF462A006C41C0 /* TagLibTests.m in Sources */ = {isa = PBXBuildFile; fileRef = BC236CF113EF462A006C41C0 /* TagLibTests.m */; };
		BC527D8B1602687D000DB17B /* ISO8601DateFormatter.h in Headers */ = {isa = PBXBuildFile; fileRef = BC527D891602687D000DB17B /* ISO8601DateFormatter.h */; };
		BC527D8C1602687D000DB17B /* ISO8601DateFormatter.m in Sources */ = {isa = PBXBuildFile; fileRef = BC527D8A1602687D000DB17B /* ISO8601DateFormatter.m */; settings = {COMPILER_FLAGS = "-fno-objc-arc -w"; }; };
		BC6DB57D16004EF300E0F4E4 /* TLMP4FileParser.h in Headers */ = {isa = PBXBuildFile; fileRef = BC6DB57B16004EF300E0F4E4 /* TLMP4FileParser.h */; };
		BC6DB57E16004EF300E0F4E4 /* TLMP4FileParser.m in Sources */ = {isa = PBXBuildFile; fileRef = BC6DB57C16004EF300E0F4E4 /* TLMP4FileParser.m */; };
		BC6DB58116004FD300E0F4E4 /* TLMP4Tag_Private.h in Headers */ = {isa = PBXBuildFile; fileRef = BC6DB58016004FD300E0F4E4 /* TLMP4Tag_Private.h */; };
		BC7DEB3913F76BAA004C24E8 /* NSData+GetTypedData.h in Headers */ = {isa = PBXBuildFile; fileRef = BC7DEB3713F76BAA004C24E8 /* NSData+GetTypedData.h */; };
		BC7DEB3A13F76BAA004C24E8 /* NSData+GetTypedData.m in Sources */ = {isa = PBXBuildFile; fileRef = BC7DEB3813F76BAA004C24E8 /* NSData+GetTypedData.m */; };
		BCAE786F13EF694800F1B15A /* TLMP4Atom.h in Headers */ = {isa = PBXBuildFile; fileRef = BCAE786D13EF694800F1B15A /* TLMP4Atom.h */; };
		BCAE787013EF694800F1B15A /* TLMP4Atom.m in Sources */ = {isa = PBXBuildFile; fileRef = BCAE786E13EF694800F1B15A /* TLMP4Atom.m */; };
		BCDEAC961600E9F3000AC3C1 /* TLMP4Tag_Common.h in Headers */ = {isa = PBXBuildFile; fileRef = BCDEAC951600E9F3000AC3C1 /* TLMP4Tag_Common.h */; };
		BCECCC9913F063F100B8ACD7 /* TLID3v1Genres.h in Headers */ = {isa = PBXBuildFile; fileRef = BCECCC9713F063F100B8ACD7 /* TLID3v1Genres.h */; };
		BCECCC9A13F063F100B8ACD7 /* TLID3v1Genres.m in Sources */ = {isa = PBXBuildFile; fileRef = BCECCC9813F063F100B8ACD7 /* TLID3v1Genres.m */; };
		BCECCCA013F06AD800B8ACD7 /* TLMP4Tag.h in Headers */ = {isa = PBXBuildFile; fileRef = BCECCC9E13F06AD800B8ACD7 /* TLMP4Tag.h */; };
		BCECCCA113F06AD800B8ACD7 /* TLMP4Tag.m in Sources */ = {isa = PBXBuildFile; fileRef = BCECCC9F13F06AD800B8ACD7 /* TLMP4Tag.m */; };
		BCECCCA413F072DC00B8ACD7 /* TLTag.h in Headers */ = {isa = PBXBuildFile; fileRef = BCECCCA213F072DC00B8ACD7 /* TLTag.h */; };
		BCECCCA513F072DC00B8ACD7 /* TLTag.m in Sources */ = {isa = PBXBuildFile; fileRef = BCECCCA313F072DC00B8ACD7 /* TLTag.m */; };
		BCECCCC713F1A03300B8ACD7 /* TLMP4AtomInfo.h in Headers */ = {isa = PBXBuildFile; fileRef = BCECCCC513F1A03300B8ACD7 /* TLMP4AtomInfo.h */; };
		BCECCCC813F1A03300B8ACD7 /* TLMP4AtomInfo.m in Sources */ = {isa = PBXBuildFile; fileRef = BCECCCC613F1A03300B8ACD7 /* TLMP4AtomInfo.m */; };
		BCECCCDA13F436D600B8ACD7 /* covr-junk.m4a in Resources */ = {isa = PBXBuildFile; fileRef = BCECCCD513F436D500B8ACD7 /* covr-junk.m4a */; };
		BCECCCDB13F436D600B8ACD7 /* gnre.m4a in Resources */ = {isa = PBXBuildFile; fileRef = BCECCCD613F436D500B8ACD7 /* gnre.m4a */; };
		BCECCCDC13F436D600B8ACD7 /* has-tags.m4a in Resources */ = {isa = PBXBuildFile; fileRef = BCECCCD713F436D500B8ACD7 /* has-tags.m4a */; };
		BCECCCDD13F436D600B8ACD7 /* ilst-is-last.m4a in Resources */ = {isa = PBXBuildFile; fileRef = BCECCCD813F436D500B8ACD7 /* ilst-is-last.m4a */; };
		BCECCCDE13F436D600B8ACD7 /* no-tags.m4a in Resources */ = {isa = PBXBuildFile; fileRef = BCECCCD913F436D500B8ACD7 /* no-tags.m4a */; };
		BCECCCE213F4554B00B8ACD7 /* NSData+Endian.h in Headers */ = {isa = PBXBuildFile; fileRef = BCECCCE013F4554B00B8ACD7 /* NSData+Endian.h */; };
		BCECCCE313F4554B00B8ACD7 /* NSData+Endian.m in Sources */ = {isa = PBXBuildFile; fileRef = BCECCCE113F4554B00B8ACD7 /* NSData+Endian.m */; };
		BCECCCE513F46B9600B8ACD7 /* empty.aiff in Resources */ = {isa = PBXBuildFile; fileRef = BCECCCE413F46B9600B8ACD7 /* empty.aiff */; };
		BCECCCE813F47ED400B8ACD7 /* TLMP4Tests.m in Sources */ = {isa = PBXBuildFile; fileRef = BCECCCE713F47ED400B8ACD7 /* TLMP4Tests.m */; };
		BCECCCEA13F4B6FF00B8ACD7 /* debugger.c in Sources */ = {isa = PBXBuildFile; fileRef = BCECCCE913F4B6FF00B8ACD7 /* debugger.c */; };
		BCECCCEC13F4BED300B8ACD7 /* debugger.h in Headers */ = {isa = PBXBuildFile; fileRef = BCECCCEB13F4BED300B8ACD7 /* debugger.h */; };
		BCECCCEF13F4CDE700B8ACD7 /* LocalTests.m in Sources */ = {isa = PBXBuildFile; fileRef = BCECCCEE13F4CDE700B8ACD7 /* LocalTests.m */; };
/* End PBXBuildFile section */

/* Begin PBXContainerItemProxy section */
		BC236CE613EF462A006C41C0 /* PBXContainerItemProxy */ = {
			isa = PBXContainerItemProxy;
			containerPortal = BC236CC013EF462A006C41C0 /* Project object */;
			proxyType = 1;
			remoteGlobalIDString = BC236CC913EF462A006C41C0;
			remoteInfo = TagLib;
		};
/* End PBXContainerItemProxy section */

/* Begin PBXFileReference section */
		BC10D4E81601112A00968ADB /* NSMutableArray+StackOps.h */ = {isa = PBXFileReference; fileEncoding = 4; lastKnownFileType = sourcecode.c.h; name = "NSMutableArray+StackOps.h"; path = "lib/NSMutableArray+StackOps.h"; sourceTree = "<group>"; };
		BC10D4E91601112A00968ADB /* NSMutableArray+StackOps.m */ = {isa = PBXFileReference; fileEncoding = 4; lastKnownFileType = sourcecode.c.objc; name = "NSMutableArray+StackOps.m"; path = "lib/NSMutableArray+StackOps.m"; sourceTree = "<group>"; };
		BC236CCA13EF462A006C41C0 /* TagLib.framework */ = {isa = PBXFileReference; explicitFileType = wrapper.framework; includeInIndex = 0; path = TagLib.framework; sourceTree = BUILT_PRODUCTS_DIR; };
		BC236CCD13EF462A006C41C0 /* Cocoa.framework */ = {isa = PBXFileReference; lastKnownFileType = wrapper.framework; name = Cocoa.framework; path = System/Library/Frameworks/Cocoa.framework; sourceTree = SDKROOT; };
		BC236CD013EF462A006C41C0 /* AppKit.framework */ = {isa = PBXFileReference; lastKnownFileType = wrapper.framework; name = AppKit.framework; path = System/Library/Frameworks/AppKit.framework; sourceTree = SDKROOT; };
		BC236CD113EF462A006C41C0 /* CoreData.framework */ = {isa = PBXFileReference; lastKnownFileType = wrapper.framework; name = CoreData.framework; path = System/Library/Frameworks/CoreData.framework; sourceTree = SDKROOT; };
		BC236CD213EF462A006C41C0 /* Foundation.framework */ = {isa = PBXFileReference; lastKnownFileType = wrapper.framework; name = Foundation.framework; path = System/Library/Frameworks/Foundation.framework; sourceTree = SDKROOT; };
		BC236CD513EF462A006C41C0 /* TagLib-Info.plist */ = {isa = PBXFileReference; lastKnownFileType = text.plist.xml; path = "TagLib-Info.plist"; sourceTree = "<group>"; };
		BC236CD713EF462A006C41C0 /* en */ = {isa = PBXFileReference; lastKnownFileType = text.plist.strings; name = en; path = en.lproj/InfoPlist.strings; sourceTree = "<group>"; };
		BC236CD913EF462A006C41C0 /* TagLib-Prefix.pch */ = {isa = PBXFileReference; lastKnownFileType = sourcecode.c.h; path = "TagLib-Prefix.pch"; sourceTree = "<group>"; };
		BC236CE213EF462A006C41C0 /* TagLibTests.octest */ = {isa = PBXFileReference; explicitFileType = wrapper.cfbundle; includeInIndex = 0; path = TagLibTests.octest; sourceTree = BUILT_PRODUCTS_DIR; };
		BC236CE313EF462A006C41C0 /* SenTestingKit.framework */ = {isa = PBXFileReference; lastKnownFileType = wrapper.framework; name = SenTestingKit.framework; path = Library/Frameworks/SenTestingKit.framework; sourceTree = DEVELOPER_DIR; };
		BC236CEB13EF462A006C41C0 /* TagLibTests-Info.plist */ = {isa = PBXFileReference; lastKnownFileType = text.plist.xml; path = "TagLibTests-Info.plist"; sourceTree = "<group>"; };
		BC236CED13EF462A006C41C0 /* en */ = {isa = PBXFileReference; lastKnownFileType = text.plist.strings; name = en; path = en.lproj/InfoPlist.strings; sourceTree = "<group>"; };
		BC236CEF13EF462A006C41C0 /* TagLibTests.h */ = {isa = PBXFileReference; lastKnownFileType = sourcecode.c.h; path = TagLibTests.h; sourceTree = "<group>"; };
		BC236CF113EF462A006C41C0 /* TagLibTests.m */ = {isa = PBXFileReference; lastKnownFileType = sourcecode.c.objc; path = TagLibTests.m; sourceTree = "<group>"; };
		BC527D891602687D000DB17B /* ISO8601DateFormatter.h */ = {isa = PBXFileReference; fileEncoding = 4; lastKnownFileType = sourcecode.c.h; name = ISO8601DateFormatter.h; path = "lib/iso-8601-date-formatter/ISO8601DateFormatter.h"; sourceTree = "<group>"; };
		BC527D8A1602687D000DB17B /* ISO8601DateFormatter.m */ = {isa = PBXFileReference; fileEncoding = 4; lastKnownFileType = sourcecode.c.objc; name = ISO8601DateFormatter.m; path = "lib/iso-8601-date-formatter/ISO8601DateFormatter.m"; sourceTree = "<group>"; };
		BC6DB57B16004EF300E0F4E4 /* TLMP4FileParser.h */ = {isa = PBXFileReference; fileEncoding = 4; lastKnownFileType = sourcecode.c.h; name = TLMP4FileParser.h; path = mp4/TLMP4FileParser.h; sourceTree = "<group>"; };
		BC6DB57C16004EF300E0F4E4 /* TLMP4FileParser.m */ = {isa = PBXFileReference; fileEncoding = 4; lastKnownFileType = sourcecode.c.objc; name = TLMP4FileParser.m; path = mp4/TLMP4FileParser.m; sourceTree = "<group>"; };
		BC6DB58016004FD300E0F4E4 /* TLMP4Tag_Private.h */ = {isa = PBXFileReference; fileEncoding = 4; lastKnownFileType = sourcecode.c.h; name = TLMP4Tag_Private.h; path = mp4/TLMP4Tag_Private.h; sourceTree = "<group>"; };
		BC7DEB3713F76BAA004C24E8 /* NSData+GetTypedData.h */ = {isa = PBXFileReference; fileEncoding = 4; lastKnownFileType = sourcecode.c.h; name = "NSData+GetTypedData.h"; path = "lib/NSData+GetTypedData.h"; sourceTree = "<group>"; };
		BC7DEB3813F76BAA004C24E8 /* NSData+GetTypedData.m */ = {isa = PBXFileReference; fileEncoding = 4; lastKnownFileType = sourcecode.c.objc; name = "NSData+GetTypedData.m"; path = "lib/NSData+GetTypedData.m"; sourceTree = "<group>"; };
		BCAE786D13EF694800F1B15A /* TLMP4Atom.h */ = {isa = PBXFileReference; fileEncoding = 4; lastKnownFileType = sourcecode.c.h; name = TLMP4Atom.h; path = mp4/TLMP4Atom.h; sourceTree = "<group>"; };
		BCAE786E13EF694800F1B15A /* TLMP4Atom.m */ = {isa = PBXFileReference; fileEncoding = 4; lastKnownFileType = sourcecode.c.objc; name = TLMP4Atom.m; path = mp4/TLMP4Atom.m; sourceTree = "<group>"; };
		BCDEAC951600E9F3000AC3C1 /* TLMP4Tag_Common.h */ = {isa = PBXFileReference; fileEncoding = 4; lastKnownFileType = sourcecode.c.h; name = TLMP4Tag_Common.h; path = mp4/TLMP4Tag_Common.h; sourceTree = "<group>"; };
		BCECCC9713F063F100B8ACD7 /* TLID3v1Genres.h */ = {isa = PBXFileReference; fileEncoding = 4; lastKnownFileType = sourcecode.c.h; name = TLID3v1Genres.h; path = mpeg/id3v1/TLID3v1Genres.h; sourceTree = "<group>"; };
		BCECCC9813F063F100B8ACD7 /* TLID3v1Genres.m */ = {isa = PBXFileReference; fileEncoding = 4; lastKnownFileType = sourcecode.c.objc; name = TLID3v1Genres.m; path = mpeg/id3v1/TLID3v1Genres.m; sourceTree = "<group>"; };
		BCECCC9E13F06AD800B8ACD7 /* TLMP4Tag.h */ = {isa = PBXFileReference; fileEncoding = 4; lastKnownFileType = sourcecode.c.h; name = TLMP4Tag.h; path = mp4/TLMP4Tag.h; sourceTree = "<group>"; };
		BCECCC9F13F06AD800B8ACD7 /* TLMP4Tag.m */ = {isa = PBXFileReference; fileEncoding = 4; lastKnownFileType = sourcecode.c.objc; name = TLMP4Tag.m; path = mp4/TLMP4Tag.m; sourceTree = "<group>"; };
		BCECCCA213F072DC00B8ACD7 /* TLTag.h */ = {isa = PBXFileReference; fileEncoding = 4; lastKnownFileType = sourcecode.c.h; path = TLTag.h; sourceTree = "<group>"; };
		BCECCCA313F072DC00B8ACD7 /* TLTag.m */ = {isa = PBXFileReference; fileEncoding = 4; lastKnownFileType = sourcecode.c.objc; path = TLTag.m; sourceTree = "<group>"; };
		BCECCCC513F1A03300B8ACD7 /* TLMP4AtomInfo.h */ = {isa = PBXFileReference; fileEncoding = 4; lastKnownFileType = sourcecode.c.h; name = TLMP4AtomInfo.h; path = mp4/TLMP4AtomInfo.h; sourceTree = "<group>"; };
		BCECCCC613F1A03300B8ACD7 /* TLMP4AtomInfo.m */ = {isa = PBXFileReference; fileEncoding = 4; lastKnownFileType = sourcecode.c.objc; name = TLMP4AtomInfo.m; path = mp4/TLMP4AtomInfo.m; sourceTree = "<group>"; };
		BCECCCD513F436D500B8ACD7 /* covr-junk.m4a */ = {isa = PBXFileReference; lastKnownFileType = file; name = "covr-junk.m4a"; path = "data/covr-junk.m4a"; sourceTree = "<group>"; };
		BCECCCD613F436D500B8ACD7 /* gnre.m4a */ = {isa = PBXFileReference; lastKnownFileType = file; name = gnre.m4a; path = data/gnre.m4a; sourceTree = "<group>"; };
		BCECCCD713F436D500B8ACD7 /* has-tags.m4a */ = {isa = PBXFileReference; lastKnownFileType = file; name = "has-tags.m4a"; path = "data/has-tags.m4a"; sourceTree = "<group>"; };
		BCECCCD813F436D500B8ACD7 /* ilst-is-last.m4a */ = {isa = PBXFileReference; lastKnownFileType = file; name = "ilst-is-last.m4a"; path = "data/ilst-is-last.m4a"; sourceTree = "<group>"; };
		BCECCCD913F436D500B8ACD7 /* no-tags.m4a */ = {isa = PBXFileReference; lastKnownFileType = file; name = "no-tags.m4a"; path = "data/no-tags.m4a"; sourceTree = "<group>"; };
		BCECCCE013F4554B00B8ACD7 /* NSData+Endian.h */ = {isa = PBXFileReference; fileEncoding = 4; lastKnownFileType = sourcecode.c.h; name = "NSData+Endian.h"; path = "lib/NSData+Endian.h"; sourceTree = "<group>"; };
		BCECCCE113F4554B00B8ACD7 /* NSData+Endian.m */ = {isa = PBXFileReference; fileEncoding = 4; lastKnownFileType = sourcecode.c.objc; name = "NSData+Endian.m"; path = "lib/NSData+Endian.m"; sourceTree = "<group>"; };
		BCECCCE413F46B9600B8ACD7 /* empty.aiff */ = {isa = PBXFileReference; lastKnownFileType = audio.aiff; name = empty.aiff; path = data/empty.aiff; sourceTree = "<group>"; };
		BCECCCE613F47ED400B8ACD7 /* TLMP4Tests.h */ = {isa = PBXFileReference; fileEncoding = 4; lastKnownFileType = sourcecode.c.h; path = TLMP4Tests.h; sourceTree = "<group>"; };
		BCECCCE713F47ED400B8ACD7 /* TLMP4Tests.m */ = {isa = PBXFileReference; fileEncoding = 4; lastKnownFileType = sourcecode.c.objc; path = TLMP4Tests.m; sourceTree = "<group>"; };
		BCECCCE913F4B6FF00B8ACD7 /* debugger.c */ = {isa = PBXFileReference; fileEncoding = 4; lastKnownFileType = sourcecode.c.c; name = debugger.c; path = lib/debugger.c; sourceTree = "<group>"; };
		BCECCCEB13F4BED300B8ACD7 /* debugger.h */ = {isa = PBXFileReference; fileEncoding = 4; lastKnownFileType = sourcecode.c.h; name = debugger.h; path = lib/debugger.h; sourceTree = "<group>"; };
		BCECCCED13F4CDE600B8ACD7 /* LocalTests.h */ = {isa = PBXFileReference; fileEncoding = 4; lastKnownFileType = sourcecode.c.h; path = LocalTests.h; sourceTree = "<group>"; };
		BCECCCEE13F4CDE700B8ACD7 /* LocalTests.m */ = {isa = PBXFileReference; fileEncoding = 4; lastKnownFileType = sourcecode.c.objc; path = LocalTests.m; sourceTree = "<group>"; };
/* End PBXFileReference section */

/* Begin PBXFrameworksBuildPhase section */
		BC236CC613EF462A006C41C0 /* Frameworks */ = {
			isa = PBXFrameworksBuildPhase;
			buildActionMask = 2147483647;
			files = (
				BC236CCE13EF462A006C41C0 /* Cocoa.framework in Frameworks */,
			);
			runOnlyForDeploymentPostprocessing = 0;
		};
		BC236CDE13EF462A006C41C0 /* Frameworks */ = {
			isa = PBXFrameworksBuildPhase;
			buildActionMask = 2147483647;
			files = (
				BC236CE413EF462A006C41C0 /* SenTestingKit.framework in Frameworks */,
				BC236CE513EF462A006C41C0 /* Cocoa.framework in Frameworks */,
				BC236CE813EF462A006C41C0 /* TagLib.framework in Frameworks */,
			);
			runOnlyForDeploymentPostprocessing = 0;
		};
/* End PBXFrameworksBuildPhase section */

/* Begin PBXGroup section */
		BC236CBE13EF462A006C41C0 = {
			isa = PBXGroup;
			children = (
				BC236CD313EF462A006C41C0 /* TagLib */,
				BC236CE913EF462A006C41C0 /* TagLibTests */,
				BC236CCC13EF462A006C41C0 /* Frameworks */,
				BC236CCB13EF462A006C41C0 /* Products */,
			);
			sourceTree = "<group>";
		};
		BC236CCB13EF462A006C41C0 /* Products */ = {
			isa = PBXGroup;
			children = (
				BC236CCA13EF462A006C41C0 /* TagLib.framework */,
				BC236CE213EF462A006C41C0 /* TagLibTests.octest */,
			);
			name = Products;
			sourceTree = "<group>";
		};
		BC236CCC13EF462A006C41C0 /* Frameworks */ = {
			isa = PBXGroup;
			children = (
				BC236CCD13EF462A006C41C0 /* Cocoa.framework */,
				BC236CE313EF462A006C41C0 /* SenTestingKit.framework */,
				BC236CCF13EF462A006C41C0 /* Other Frameworks */,
			);
			name = Frameworks;
			sourceTree = "<group>";
		};
		BC236CCF13EF462A006C41C0 /* Other Frameworks */ = {
			isa = PBXGroup;
			children = (
				BC236CD013EF462A006C41C0 /* AppKit.framework */,
				BC236CD113EF462A006C41C0 /* CoreData.framework */,
				BC236CD213EF462A006C41C0 /* Foundation.framework */,
			);
			name = "Other Frameworks";
			sourceTree = "<group>";
		};
		BC236CD313EF462A006C41C0 /* TagLib */ = {
			isa = PBXGroup;
			children = (
				BCECCCDF13F454E600B8ACD7 /* lib */,
				BCECCC9C13F069C600B8ACD7 /* mpeg */,
				BCAE787213EF697C00F1B15A /* mp4 */,
				BC236CD413EF462A006C41C0 /* Supporting Files */,
				BCECCCA213F072DC00B8ACD7 /* TLTag.h */,
				BCECCCA313F072DC00B8ACD7 /* TLTag.m */,
			);
			path = TagLib;
			sourceTree = "<group>";
		};
		BC236CD413EF462A006C41C0 /* Supporting Files */ = {
			isa = PBXGroup;
			children = (
				BC236CD513EF462A006C41C0 /* TagLib-Info.plist */,
				BC236CD613EF462A006C41C0 /* InfoPlist.strings */,
				BC236CD913EF462A006C41C0 /* TagLib-Prefix.pch */,
			);
			name = "Supporting Files";
			sourceTree = "<group>";
		};
		BC236CE913EF462A006C41C0 /* TagLibTests */ = {
			isa = PBXGroup;
			children = (
				BC236CEF13EF462A006C41C0 /* TagLibTests.h */,
				BC236CF113EF462A006C41C0 /* TagLibTests.m */,
				BC236CEA13EF462A006C41C0 /* Supporting Files */,
				BCECCCE613F47ED400B8ACD7 /* TLMP4Tests.h */,
				BCECCCE713F47ED400B8ACD7 /* TLMP4Tests.m */,
				BCECCCED13F4CDE600B8ACD7 /* LocalTests.h */,
				BCECCCEE13F4CDE700B8ACD7 /* LocalTests.m */,
			);
			path = TagLibTests;
			sourceTree = "<group>";
		};
		BC236CEA13EF462A006C41C0 /* Supporting Files */ = {
			isa = PBXGroup;
			children = (
				BCECCCE413F46B9600B8ACD7 /* empty.aiff */,
				BCECCCD513F436D500B8ACD7 /* covr-junk.m4a */,
				BCECCCD613F436D500B8ACD7 /* gnre.m4a */,
				BCECCCD713F436D500B8ACD7 /* has-tags.m4a */,
				BCECCCD813F436D500B8ACD7 /* ilst-is-last.m4a */,
				BCECCCD913F436D500B8ACD7 /* no-tags.m4a */,
				BC236CEB13EF462A006C41C0 /* TagLibTests-Info.plist */,
				BC236CEC13EF462A006C41C0 /* InfoPlist.strings */,
			);
			name = "Supporting Files";
			sourceTree = "<group>";
		};
		BC527D8716026810000DB17B /* iso-8601-date-formatter */ = {
			isa = PBXGroup;
			children = (
				BC527D891602687D000DB17B /* ISO8601DateFormatter.h */,
				BC527D8A1602687D000DB17B /* ISO8601DateFormatter.m */,
			);
			name = "iso-8601-date-formatter";
			sourceTree = "<group>";
		};
		BCAE787213EF697C00F1B15A /* mp4 */ = {
			isa = PBXGroup;
			children = (
				BCAE786D13EF694800F1B15A /* TLMP4Atom.h */,
				BCAE786E13EF694800F1B15A /* TLMP4Atom.m */,
				BCECCC9E13F06AD800B8ACD7 /* TLMP4Tag.h */,
				BC6DB58016004FD300E0F4E4 /* TLMP4Tag_Private.h */,
				BCDEAC951600E9F3000AC3C1 /* TLMP4Tag_Common.h */,
				BCECCC9F13F06AD800B8ACD7 /* TLMP4Tag.m */,
				BC6DB57B16004EF300E0F4E4 /* TLMP4FileParser.h */,
				BC6DB57C16004EF300E0F4E4 /* TLMP4FileParser.m */,
				BCECCCC513F1A03300B8ACD7 /* TLMP4AtomInfo.h */,
				BCECCCC613F1A03300B8ACD7 /* TLMP4AtomInfo.m */,
			);
			name = mp4;
			sourceTree = "<group>";
		};
		BCECCC9C13F069C600B8ACD7 /* mpeg */ = {
			isa = PBXGroup;
			children = (
				BCECCC9D13F069D300B8ACD7 /* id3v1 */,
			);
			name = mpeg;
			sourceTree = "<group>";
		};
		BCECCC9D13F069D300B8ACD7 /* id3v1 */ = {
			isa = PBXGroup;
			children = (
				BCECCC9713F063F100B8ACD7 /* TLID3v1Genres.h */,
				BCECCC9813F063F100B8ACD7 /* TLID3v1Genres.m */,
			);
			name = id3v1;
			sourceTree = "<group>";
		};
		BCECCCDF13F454E600B8ACD7 /* lib */ = {
			isa = PBXGroup;
			children = (
				BC527D8716026810000DB17B /* iso-8601-date-formatter */,
				BC10D4E81601112A00968ADB /* NSMutableArray+StackOps.h */,
				BC10D4E91601112A00968ADB /* NSMutableArray+StackOps.m */,
				BC7DEB3713F76BAA004C24E8 /* NSData+GetTypedData.h */,
				BC7DEB3813F76BAA004C24E8 /* NSData+GetTypedData.m */,
				BCECCCE013F4554B00B8ACD7 /* NSData+Endian.h */,
				BCECCCE113F4554B00B8ACD7 /* NSData+Endian.m */,
				BCECCCE913F4B6FF00B8ACD7 /* debugger.c */,
				BCECCCEB13F4BED300B8ACD7 /* debugger.h */,
			);
			name = lib;
			sourceTree = "<group>";
		};
/* End PBXGroup section */

/* Begin PBXHeadersBuildPhase section */
		BC236CC713EF462A006C41C0 /* Headers */ = {
			isa = PBXHeadersBuildPhase;
			buildActionMask = 2147483647;
			files = (
				BCAE786F13EF694800F1B15A /* TLMP4Atom.h in Headers */,
				BCECCC9913F063F100B8ACD7 /* TLID3v1Genres.h in Headers */,
				BCECCCA013F06AD800B8ACD7 /* TLMP4Tag.h in Headers */,
				BCECCCA413F072DC00B8ACD7 /* TLTag.h in Headers */,
				BCECCCC713F1A03300B8ACD7 /* TLMP4AtomInfo.h in Headers */,
				BCECCCE213F4554B00B8ACD7 /* NSData+Endian.h in Headers */,
				BCECCCEC13F4BED300B8ACD7 /* debugger.h in Headers */,
				BC7DEB3913F76BAA004C24E8 /* NSData+GetTypedData.h in Headers */,
				BC6DB57D16004EF300E0F4E4 /* TLMP4FileParser.h in Headers */,
				BC6DB58116004FD300E0F4E4 /* TLMP4Tag_Private.h in Headers */,
				BCDEAC961600E9F3000AC3C1 /* TLMP4Tag_Common.h in Headers */,
				BC10D4EA1601112A00968ADB /* NSMutableArray+StackOps.h in Headers */,
				BC527D8B1602687D000DB17B /* ISO8601DateFormatter.h in Headers */,
			);
			runOnlyForDeploymentPostprocessing = 0;
		};
/* End PBXHeadersBuildPhase section */

/* Begin PBXNativeTarget section */
		BC236CC913EF462A006C41C0 /* TagLib */ = {
			isa = PBXNativeTarget;
			buildConfigurationList = BC236CF513EF462A006C41C0 /* Build configuration list for PBXNativeTarget "TagLib" */;
			buildPhases = (
				BC236CC513EF462A006C41C0 /* Sources */,
				BC236CC613EF462A006C41C0 /* Frameworks */,
				BC236CC713EF462A006C41C0 /* Headers */,
				BC236CC813EF462A006C41C0 /* Resources */,
				BCB5547815FFD26800FC4B2D /* ShellScript */,
			);
			buildRules = (
			);
			dependencies = (
			);
			name = TagLib;
			productName = TagLib;
			productReference = BC236CCA13EF462A006C41C0 /* TagLib.framework */;
			productType = "com.apple.product-type.framework";
		};
		BC236CE113EF462A006C41C0 /* TagLibTests */ = {
			isa = PBXNativeTarget;
			buildConfigurationList = BC236CF813EF462A006C41C0 /* Build configuration list for PBXNativeTarget "TagLibTests" */;
			buildPhases = (
				BC236CDD13EF462A006C41C0 /* Sources */,
				BC236CDE13EF462A006C41C0 /* Frameworks */,
				BC236CDF13EF462A006C41C0 /* Resources */,
				BC236CE013EF462A006C41C0 /* ShellScript */,
			);
			buildRules = (
			);
			dependencies = (
				BC236CE713EF462A006C41C0 /* PBXTargetDependency */,
			);
			name = TagLibTests;
			productName = TagLibTests;
			productReference = BC236CE213EF462A006C41C0 /* TagLibTests.octest */;
			productType = "com.apple.product-type.bundle";
		};
/* End PBXNativeTarget section */

/* Begin PBXProject section */
		BC236CC013EF462A006C41C0 /* Project object */ = {
			isa = PBXProject;
			attributes = {
				CLASSPREFIX = TL;
				LastUpgradeCheck = 0440;
			};
			buildConfigurationList = BC236CC313EF462A006C41C0 /* Build configuration list for PBXProject "TagLib" */;
			compatibilityVersion = "Xcode 3.2";
			developmentRegion = English;
			hasScannedForEncodings = 0;
			knownRegions = (
				en,
			);
			mainGroup = BC236CBE13EF462A006C41C0;
			productRefGroup = BC236CCB13EF462A006C41C0 /* Products */;
			projectDirPath = "";
			projectRoot = "";
			targets = (
				BC236CC913EF462A006C41C0 /* TagLib */,
				BC236CE113EF462A006C41C0 /* TagLibTests */,
			);
		};
/* End PBXProject section */

/* Begin PBXResourcesBuildPhase section */
		BC236CC813EF462A006C41C0 /* Resources */ = {
			isa = PBXResourcesBuildPhase;
			buildActionMask = 2147483647;
			files = (
				BC236CD813EF462A006C41C0 /* InfoPlist.strings in Resources */,
			);
			runOnlyForDeploymentPostprocessing = 0;
		};
		BC236CDF13EF462A006C41C0 /* Resources */ = {
			isa = PBXResourcesBuildPhase;
			buildActionMask = 2147483647;
			files = (
				BC236CEE13EF462A006C41C0 /* InfoPlist.strings in Resources */,
				BC236CF013EF462A006C41C0 /* TagLibTests.h in Resources */,
				BCECCCDA13F436D600B8ACD7 /* covr-junk.m4a in Resources */,
				BCECCCDB13F436D600B8ACD7 /* gnre.m4a in Resources */,
				BCECCCDC13F436D600B8ACD7 /* has-tags.m4a in Resources */,
				BCECCCDD13F436D600B8ACD7 /* ilst-is-last.m4a in Resources */,
				BCECCCDE13F436D600B8ACD7 /* no-tags.m4a in Resources */,
				BCECCCE513F46B9600B8ACD7 /* empty.aiff in Resources */,
			);
			runOnlyForDeploymentPostprocessing = 0;
		};
/* End PBXResourcesBuildPhase section */

/* Begin PBXShellScriptBuildPhase section */
		BC236CE013EF462A006C41C0 /* ShellScript */ = {
			isa = PBXShellScriptBuildPhase;
			buildActionMask = 2147483647;
			files = (
			);
			inputPaths = (
			);
			outputPaths = (
			);
			runOnlyForDeploymentPostprocessing = 0;
			shellPath = /bin/sh;
			shellScript = "# Run the unit tests in this test bundle.\n\"${SYSTEM_DEVELOPER_DIR}/Tools/RunUnitTests\"\n";
		};
		BCB5547815FFD26800FC4B2D /* ShellScript */ = {
			isa = PBXShellScriptBuildPhase;
			buildActionMask = 2147483647;
			files = (
			);
			inputPaths = (
				"",
			);
			outputPaths = (
			);
			runOnlyForDeploymentPostprocessing = 0;
			shellPath = /bin/sh;
			shellScript = "# from: http://www.benzado.com/blog/post/329/make-xcode-nag-you-about-unfinished-todos\nKEYWORDS=\"TODO:|FIXME:|XXX:|\\?\\?\\?:|\\!\\!\\!:\"\nfind ${SRCROOT} \\( -name \"*.h\" -or -name \"*.m\" -or -name \"*.c\" \\) -print0 | \\\nxargs -0 egrep --with-filename --line-number --only-matching \"($KEYWORDS).*\\$\" | \\\nperl -p -e \"s/($KEYWORDS)/ warning: \\$1/\"";
		};
/* End PBXShellScriptBuildPhase section */

/* Begin PBXSourcesBuildPhase section */
		BC236CC513EF462A006C41C0 /* Sources */ = {
			isa = PBXSourcesBuildPhase;
			buildActionMask = 2147483647;
			files = (
				BCAE787013EF694800F1B15A /* TLMP4Atom.m in Sources */,
				BCECCC9A13F063F100B8ACD7 /* TLID3v1Genres.m in Sources */,
				BCECCCA113F06AD800B8ACD7 /* TLMP4Tag.m in Sources */,
				BCECCCA513F072DC00B8ACD7 /* TLTag.m in Sources */,
				BCECCCC813F1A03300B8ACD7 /* TLMP4AtomInfo.m in Sources */,
				BCECCCE313F4554B00B8ACD7 /* NSData+Endian.m in Sources */,
				BCECCCEA13F4B6FF00B8ACD7 /* debugger.c in Sources */,
				BC7DEB3A13F76BAA004C24E8 /* NSData+GetTypedData.m in Sources */,
				BC6DB57E16004EF300E0F4E4 /* TLMP4FileParser.m in Sources */,
				BC10D4EB1601112A00968ADB /* NSMutableArray+StackOps.m in Sources */,
				BC527D8C1602687D000DB17B /* ISO8601DateFormatter.m in Sources */,
			);
			runOnlyForDeploymentPostprocessing = 0;
		};
		BC236CDD13EF462A006C41C0 /* Sources */ = {
			isa = PBXSourcesBuildPhase;
			buildActionMask = 2147483647;
			files = (
				BC236CF213EF462A006C41C0 /* TagLibTests.m in Sources */,
				BCECCCE813F47ED400B8ACD7 /* TLMP4Tests.m in Sources */,
				BCECCCEF13F4CDE700B8ACD7 /* LocalTests.m in Sources */,
			);
			runOnlyForDeploymentPostprocessing = 0;
		};
/* End PBXSourcesBuildPhase section */

/* Begin PBXTargetDependency section */
		BC236CE713EF462A006C41C0 /* PBXTargetDependency */ = {
			isa = PBXTargetDependency;
			target = BC236CC913EF462A006C41C0 /* TagLib */;
			targetProxy = BC236CE613EF462A006C41C0 /* PBXContainerItemProxy */;
		};
/* End PBXTargetDependency section */

/* Begin PBXVariantGroup section */
		BC236CD613EF462A006C41C0 /* InfoPlist.strings */ = {
			isa = PBXVariantGroup;
			children = (
				BC236CD713EF462A006C41C0 /* en */,
			);
			name = InfoPlist.strings;
			sourceTree = "<group>";
		};
		BC236CEC13EF462A006C41C0 /* InfoPlist.strings */ = {
			isa = PBXVariantGroup;
			children = (
				BC236CED13EF462A006C41C0 /* en */,
			);
			name = InfoPlist.strings;
			sourceTree = "<group>";
		};
/* End PBXVariantGroup section */

/* Begin XCBuildConfiguration section */
		BC236CF313EF462A006C41C0 /* Debug */ = {
			isa = XCBuildConfiguration;
			buildSettings = {
				ALWAYS_SEARCH_USER_PATHS = NO;
				ARCHS = "$(ARCHS_STANDARD_64_BIT)";
				CLANG_ANALYZER_SECURITY_FLOATLOOPCOUNTER = YES;
				CLANG_ANALYZER_SECURITY_INSECUREAPI_STRCPY = YES;
				CLANG_ENABLE_OBJC_ARC = YES;
				CLANG_WARN_DEPRECATED_OBJC_IMPLEMENTATIONS = YES;
				CLANG_WARN_OBJC_IMPLICIT_ATOMIC_PROPERTIES = YES;
				CLANG_WARN_OBJC_MISSING_PROPERTY_SYNTHESIS = YES;
				CLANG_WARN__DUPLICATE_METHOD_MATCH = YES;
				DEBUG_INFORMATION_FORMAT = "dwarf-with-dsym";
				GCC_C_LANGUAGE_STANDARD = gnu99;
				GCC_DYNAMIC_NO_PIC = NO;
				GCC_ENABLE_OBJC_EXCEPTIONS = YES;
				GCC_GENERATE_TEST_COVERAGE_FILES = YES;
				GCC_INSTRUMENT_PROGRAM_FLOW_ARCS = YES;
				GCC_OPTIMIZATION_LEVEL = 0;
				GCC_PREPROCESSOR_DEFINITIONS = (
					"DEBUG=1",
					"$(inherited)",
				);
				GCC_SYMBOLS_PRIVATE_EXTERN = NO;
				GCC_TREAT_IMPLICIT_FUNCTION_DECLARATIONS_AS_ERRORS = YES;
				GCC_TREAT_INCOMPATIBLE_POINTER_TYPE_WARNINGS_AS_ERRORS = YES;
				GCC_VERSION = com.apple.compilers.llvm.clang.1_0;
				GCC_WARN_64_TO_32_BIT_CONVERSION = YES;
				GCC_WARN_ABOUT_MISSING_NEWLINE = YES;
				GCC_WARN_ABOUT_MISSING_PROTOTYPES = YES;
				GCC_WARN_ABOUT_RETURN_TYPE = YES;
				GCC_WARN_INITIALIZER_NOT_FULLY_BRACKETED = YES;
				GCC_WARN_MULTIPLE_DEFINITION_TYPES_FOR_SELECTOR = YES;
				GCC_WARN_PEDANTIC = YES;
				GCC_WARN_SHADOW = YES;
				GCC_WARN_SIGN_COMPARE = YES;
				GCC_WARN_UNDECLARED_SELECTOR = YES;
				GCC_WARN_UNINITIALIZED_AUTOS = YES;
				GCC_WARN_UNUSED_FUNCTION = YES;
				GCC_WARN_UNUSED_PARAMETER = YES;
				GCC_WARN_UNUSED_VARIABLE = YES;
				LLVM_LTO = YES;
				MACOSX_DEPLOYMENT_TARGET = 10.7;
				ONLY_ACTIVE_ARCH = YES;
				OTHER_CFLAGS = "";
				SDKROOT = macosx;
				VALID_ARCHS = x86_64;
			};
			name = Debug;
		};
		BC236CF413EF462A006C41C0 /* Release */ = {
			isa = XCBuildConfiguration;
			buildSettings = {
				ALWAYS_SEARCH_USER_PATHS = NO;
				ARCHS = "$(ARCHS_STANDARD_64_BIT)";
				CLANG_ANALYZER_SECURITY_FLOATLOOPCOUNTER = YES;
				CLANG_ANALYZER_SECURITY_INSECUREAPI_STRCPY = YES;
				CLANG_ENABLE_OBJC_ARC = YES;
				CLANG_WARN_DEPRECATED_OBJC_IMPLEMENTATIONS = YES;
				CLANG_WARN_OBJC_IMPLICIT_ATOMIC_PROPERTIES = YES;
				CLANG_WARN_OBJC_MISSING_PROPERTY_SYNTHESIS = YES;
				CLANG_WARN__DUPLICATE_METHOD_MATCH = YES;
				DEBUG_INFORMATION_FORMAT = "dwarf-with-dsym";
				GCC_C_LANGUAGE_STANDARD = gnu99;
				GCC_ENABLE_OBJC_EXCEPTIONS = YES;
				GCC_GENERATE_TEST_COVERAGE_FILES = YES;
				GCC_INSTRUMENT_PROGRAM_FLOW_ARCS = YES;
				GCC_TREAT_IMPLICIT_FUNCTION_DECLARATIONS_AS_ERRORS = YES;
				GCC_TREAT_INCOMPATIBLE_POINTER_TYPE_WARNINGS_AS_ERRORS = YES;
				GCC_VERSION = com.apple.compilers.llvm.clang.1_0;
				GCC_WARN_64_TO_32_BIT_CONVERSION = YES;
				GCC_WARN_ABOUT_MISSING_NEWLINE = YES;
				GCC_WARN_ABOUT_MISSING_PROTOTYPES = YES;
				GCC_WARN_ABOUT_RETURN_TYPE = YES;
				GCC_WARN_INITIALIZER_NOT_FULLY_BRACKETED = YES;
				GCC_WARN_MULTIPLE_DEFINITION_TYPES_FOR_SELECTOR = YES;
				GCC_WARN_PEDANTIC = YES;
				GCC_WARN_SHADOW = YES;
				GCC_WARN_SIGN_COMPARE = YES;
				GCC_WARN_UNDECLARED_SELECTOR = YES;
				GCC_WARN_UNINITIALIZED_AUTOS = YES;
				GCC_WARN_UNUSED_FUNCTION = YES;
				GCC_WARN_UNUSED_PARAMETER = YES;
				GCC_WARN_UNUSED_VARIABLE = YES;
				LLVM_LTO = YES;
				MACOSX_DEPLOYMENT_TARGET = 10.7;
				OTHER_CFLAGS = "";
				SDKROOT = macosx;
				VALID_ARCHS = x86_64;
			};
			name = Release;
		};
		BC236CF613EF462A006C41C0 /* Debug */ = {
			isa = XCBuildConfiguration;
			buildSettings = {
				COMBINE_HIDPI_IMAGES = YES;
				GCC_PREFIX_HEADER = "TagLib/TagLib-Prefix.pch";
				INFOPLIST_FILE = "TagLib/TagLib-Info.plist";
				PRODUCT_NAME = "$(TARGET_NAME)";
				WRAPPER_EXTENSION = framework;
			};
			name = Debug;
		};
		BC236CF713EF462A006C41C0 /* Release */ = {
			isa = XCBuildConfiguration;
			buildSettings = {
				COMBINE_HIDPI_IMAGES = YES;
				GCC_PREFIX_HEADER = "TagLib/TagLib-Prefix.pch";
				INFOPLIST_FILE = "TagLib/TagLib-Info.plist";
				PRODUCT_NAME = "$(TARGET_NAME)";
				WRAPPER_EXTENSION = framework;
			};
			name = Release;
		};
		BC236CF913EF462A006C41C0 /* Debug */ = {
			isa = XCBuildConfiguration;
			buildSettings = {
				COMBINE_HIDPI_IMAGES = YES;
				FRAMEWORK_SEARCH_PATHS = "$(DEVELOPER_LIBRARY_DIR)/Frameworks";
				GCC_PRECOMPILE_PREFIX_HEADER = YES;
				GCC_PREFIX_HEADER = "TagLib/TagLib-Prefix.pch";
				GCC_WARN_ABOUT_MISSING_FIELD_INITIALIZERS = YES;
				GCC_WARN_ABOUT_MISSING_NEWLINE = YES;
				GCC_WARN_INITIALIZER_NOT_FULLY_BRACKETED = YES;
				GCC_WARN_PEDANTIC = NO;
				GCC_WARN_SHADOW = YES;
				GCC_WARN_SIGN_COMPARE = YES;
				GCC_WARN_UNINITIALIZED_AUTOS = YES;
				GCC_WARN_UNKNOWN_PRAGMAS = YES;
				GCC_WARN_UNUSED_FUNCTION = NO;
				GCC_WARN_UNUSED_LABEL = YES;
				GCC_WARN_UNUSED_PARAMETER = YES;
				INFOPLIST_FILE = "TagLibTests/TagLibTests-Info.plist";
				PRODUCT_NAME = "$(TARGET_NAME)";
				WRAPPER_EXTENSION = octest;
			};
			name = Debug;
		};
		BC236CFA13EF462A006C41C0 /* Release */ = {
			isa = XCBuildConfiguration;
			buildSettings = {
				COMBINE_HIDPI_IMAGES = YES;
				FRAMEWORK_SEARCH_PATHS = "$(DEVELOPER_LIBRARY_DIR)/Frameworks";
				GCC_PRECOMPILE_PREFIX_HEADER = YES;
				GCC_PREFIX_HEADER = "TagLib/TagLib-Prefix.pch";
				GCC_WARN_ABOUT_MISSING_FIELD_INITIALIZERS = YES;
				GCC_WARN_ABOUT_MISSING_NEWLINE = YES;
				GCC_WARN_INITIALIZER_NOT_FULLY_BRACKETED = YES;
				GCC_WARN_PEDANTIC = NO;
				GCC_WARN_SHADOW = YES;
				GCC_WARN_SIGN_COMPARE = YES;
				GCC_WARN_UNINITIALIZED_AUTOS = YES;
				GCC_WARN_UNKNOWN_PRAGMAS = YES;
				GCC_WARN_UNUSED_FUNCTION = NO;
				GCC_WARN_UNUSED_LABEL = YES;
				GCC_WARN_UNUSED_PARAMETER = YES;
				INFOPLIST_FILE = "TagLibTests/TagLibTests-Info.plist";
				PRODUCT_NAME = "$(TARGET_NAME)";
				WRAPPER_EXTENSION = octest;
			};
			name = Release;
		};
/* End XCBuildConfiguration section */

/* Begin XCConfigurationList section */
		BC236CC313EF462A006C41C0 /* Build configuration list for PBXProject "TagLib" */ = {
			isa = XCConfigurationList;
			buildConfigurations = (
				BC236CF313EF462A006C41C0 /* Debug */,
				BC236CF413EF462A006C41C0 /* Release */,
			);
			defaultConfigurationIsVisible = 0;
			defaultConfigurationName = Debug;
		};
		BC236CF513EF462A006C41C0 /* Build configuration list for PBXNativeTarget "TagLib" */ = {
			isa = XCConfigurationList;
			buildConfigurations = (
				BC236CF613EF462A006C41C0 /* Debug */,
				BC236CF713EF462A006C41C0 /* Release */,
			);
			defaultConfigurationIsVisible = 0;
			defaultConfigurationName = Debug;
		};
		BC236CF813EF462A006C41C0 /* Build configuration list for PBXNativeTarget "TagLibTests" */ = {
			isa = XCConfigurationList;
			buildConfigurations = (
				BC236CF913EF462A006C41C0 /* Debug */,
				BC236CFA13EF462A006C41C0 /* Release */,
			);
			defaultConfigurationIsVisible = 0;
			defaultConfigurationName = Debug;
		};
/* End XCConfigurationList section */
	};
	rootObject = BC236CC013EF462A006C41C0 /* Project object */;
}
