// !$*UTF8*$!
{
	archiveVersion = 1;
	classes = {
	};
	objectVersion = 46;
	objects = {

/* Begin PBXBuildFile section */
		BC236CCE13EF462A006C41C0 /* Cocoa.framework in Frameworks */ = {isa = PBXBuildFile; fileRef = BC236CCD13EF462A006C41C0 /* Cocoa.framework */; };
		BC236CD813EF462A006C41C0 /* InfoPlist.strings in Resources */ = {isa = PBXBuildFile; fileRef = BC236CD613EF462A006C41C0 /* InfoPlist.strings */; };
		BC236CDC13EF462A006C41C0 /* TagLib.m in Sources */ = {isa = PBXBuildFile; fileRef = BC236CDB13EF462A006C41C0 /* TagLib.m */; };
		BC236CE413EF462A006C41C0 /* SenTestingKit.framework in Frameworks */ = {isa = PBXBuildFile; fileRef = BC236CE313EF462A006C41C0 /* SenTestingKit.framework */; };
		BC236CE513EF462A006C41C0 /* Cocoa.framework in Frameworks */ = {isa = PBXBuildFile; fileRef = BC236CCD13EF462A006C41C0 /* Cocoa.framework */; };
		BC236CE813EF462A006C41C0 /* TagLib.framework in Frameworks */ = {isa = PBXBuildFile; fileRef = BC236CCA13EF462A006C41C0 /* TagLib.framework */; };
		BC236CEE13EF462A006C41C0 /* InfoPlist.strings in Resources */ = {isa = PBXBuildFile; fileRef = BC236CEC13EF462A006C41C0 /* InfoPlist.strings */; };
		BC236CF013EF462A006C41C0 /* TagLibTests.h in Resources */ = {isa = PBXBuildFile; fileRef = BC236CEF13EF462A006C41C0 /* TagLibTests.h */; };
		BC236CF213EF462A006C41C0 /* TagLibTests.m in Sources */ = {isa = PBXBuildFile; fileRef = BC236CF113EF462A006C41C0 /* TagLibTests.m */; };
		BCAE786F13EF694800F1B15A /* TLMP4Atom.h in Headers */ = {isa = PBXBuildFile; fileRef = BCAE786D13EF694800F1B15A /* TLMP4Atom.h */; };
		BCAE787013EF694800F1B15A /* TLMP4Atom.m in Sources */ = {isa = PBXBuildFile; fileRef = BCAE786E13EF694800F1B15A /* TLMP4Atom.m */; };
		BCAE787513F04F9900F1B15A /* TLMP4Atoms.h in Headers */ = {isa = PBXBuildFile; fileRef = BCAE787313F04F9900F1B15A /* TLMP4Atoms.h */; };
		BCAE787613F04F9900F1B15A /* TLMP4Atoms.m in Sources */ = {isa = PBXBuildFile; fileRef = BCAE787413F04F9900F1B15A /* TLMP4Atoms.m */; };
		BCECCC9913F063F100B8ACD7 /* TLID3v1Genres.h in Headers */ = {isa = PBXBuildFile; fileRef = BCECCC9713F063F100B8ACD7 /* TLID3v1Genres.h */; };
		BCECCC9A13F063F100B8ACD7 /* TLID3v1Genres.m in Sources */ = {isa = PBXBuildFile; fileRef = BCECCC9813F063F100B8ACD7 /* TLID3v1Genres.m */; };
		BCECCCA013F06AD800B8ACD7 /* TLMP4Tag.h in Headers */ = {isa = PBXBuildFile; fileRef = BCECCC9E13F06AD800B8ACD7 /* TLMP4Tag.h */; };
		BCECCCA113F06AD800B8ACD7 /* TLMP4Tag.m in Sources */ = {isa = PBXBuildFile; fileRef = BCECCC9F13F06AD800B8ACD7 /* TLMP4Tag.m */; };
		BCECCCA413F072DC00B8ACD7 /* TLTag.h in Headers */ = {isa = PBXBuildFile; fileRef = BCECCCA213F072DC00B8ACD7 /* TLTag.h */; };
		BCECCCA513F072DC00B8ACD7 /* TLTag.m in Sources */ = {isa = PBXBuildFile; fileRef = BCECCCA313F072DC00B8ACD7 /* TLTag.m */; };
		BCECCCC713F1A03300B8ACD7 /* TLMP4AtomInfo.h in Headers */ = {isa = PBXBuildFile; fileRef = BCECCCC513F1A03300B8ACD7 /* TLMP4AtomInfo.h */; };
		BCECCCC813F1A03300B8ACD7 /* TLMP4AtomInfo.m in Sources */ = {isa = PBXBuildFile; fileRef = BCECCCC613F1A03300B8ACD7 /* TLMP4AtomInfo.m */; };
		BCECCCCF13F3837100B8ACD7 /* TLMP4Tag+FileParser.h in Headers */ = {isa = PBXBuildFile; fileRef = BCECCCCD13F3837000B8ACD7 /* TLMP4Tag+FileParser.h */; };
		BCECCCD013F3837100B8ACD7 /* TLMP4Tag+FileParser.m in Sources */ = {isa = PBXBuildFile; fileRef = BCECCCCE13F3837000B8ACD7 /* TLMP4Tag+FileParser.m */; };
		BCECCCDA13F436D600B8ACD7 /* covr-junk.m4a in Resources */ = {isa = PBXBuildFile; fileRef = BCECCCD513F436D500B8ACD7 /* covr-junk.m4a */; };
		BCECCCDB13F436D600B8ACD7 /* gnre.m4a in Resources */ = {isa = PBXBuildFile; fileRef = BCECCCD613F436D500B8ACD7 /* gnre.m4a */; };
		BCECCCDC13F436D600B8ACD7 /* has-tags.m4a in Resources */ = {isa = PBXBuildFile; fileRef = BCECCCD713F436D500B8ACD7 /* has-tags.m4a */; };
		BCECCCDD13F436D600B8ACD7 /* ilst-is-last.m4a in Resources */ = {isa = PBXBuildFile; fileRef = BCECCCD813F436D500B8ACD7 /* ilst-is-last.m4a */; };
		BCECCCDE13F436D600B8ACD7 /* no-tags.m4a in Resources */ = {isa = PBXBuildFile; fileRef = BCECCCD913F436D500B8ACD7 /* no-tags.m4a */; };
		BCECCCE213F4554B00B8ACD7 /* NSData+Swapped.h in Headers */ = {isa = PBXBuildFile; fileRef = BCECCCE013F4554B00B8ACD7 /* NSData+Swapped.h */; };
		BCECCCE313F4554B00B8ACD7 /* NSData+Swapped.m in Sources */ = {isa = PBXBuildFile; fileRef = BCECCCE113F4554B00B8ACD7 /* NSData+Swapped.m */; };
		BCECCCE513F46B9600B8ACD7 /* empty.aiff in Resources */ = {isa = PBXBuildFile; fileRef = BCECCCE413F46B9600B8ACD7 /* empty.aiff */; };
		BCECCCE813F47ED400B8ACD7 /* TLMP4Tests.m in Sources */ = {isa = PBXBuildFile; fileRef = BCECCCE713F47ED400B8ACD7 /* TLMP4Tests.m */; };
/* End PBXBuildFile section */

/* Begin PBXContainerItemProxy section */
		BC236CE613EF462A006C41C0 /* PBXContainerItemProxy */ = {
			isa = PBXContainerItemProxy;
			containerPortal = BC236CC013EF462A006C41C0 /* Project object */;
			proxyType = 1;
			remoteGlobalIDString = BC236CC913EF462A006C41C0;
			remoteInfo = TagLib;
		};
/* End PBXContainerItemProxy section */

/* Begin PBXFileReference section */
		BC236CCA13EF462A006C41C0 /* TagLib.framework */ = {isa = PBXFileReference; explicitFileType = wrapper.framework; includeInIndex = 0; path = TagLib.framework; sourceTree = BUILT_PRODUCTS_DIR; };
		BC236CCD13EF462A006C41C0 /* Cocoa.framework */ = {isa = PBXFileReference; lastKnownFileType = wrapper.framework; name = Cocoa.framework; path = System/Library/Frameworks/Cocoa.framework; sourceTree = SDKROOT; };
		BC236CD013EF462A006C41C0 /* AppKit.framework */ = {isa = PBXFileReference; lastKnownFileType = wrapper.framework; name = AppKit.framework; path = System/Library/Frameworks/AppKit.framework; sourceTree = SDKROOT; };
		BC236CD113EF462A006C41C0 /* CoreData.framework */ = {isa = PBXFileReference; lastKnownFileType = wrapper.framework; name = CoreData.framework; path = System/Library/Frameworks/CoreData.framework; sourceTree = SDKROOT; };
		BC236CD213EF462A006C41C0 /* Foundation.framework */ = {isa = PBXFileReference; lastKnownFileType = wrapper.framework; name = Foundation.framework; path = System/Library/Frameworks/Foundation.framework; sourceTree = SDKROOT; };
		BC236CD513EF462A006C41C0 /* TagLib-Info.plist */ = {isa = PBXFileReference; lastKnownFileType = text.plist.xml; path = "TagLib-Info.plist"; sourceTree = "<group>"; };
		BC236CD713EF462A006C41C0 /* en */ = {isa = PBXFileReference; lastKnownFileType = text.plist.strings; name = en; path = en.lproj/InfoPlist.strings; sourceTree = "<group>"; };
		BC236CD913EF462A006C41C0 /* TagLib-Prefix.pch */ = {isa = PBXFileReference; lastKnownFileType = sourcecode.c.h; path = "TagLib-Prefix.pch"; sourceTree = "<group>"; };
		BC236CDA13EF462A006C41C0 /* TagLib.h */ = {isa = PBXFileReference; lastKnownFileType = sourcecode.c.h; path = TagLib.h; sourceTree = "<group>"; };
		BC236CDB13EF462A006C41C0 /* TagLib.m */ = {isa = PBXFileReference; lastKnownFileType = sourcecode.c.objc; path = TagLib.m; sourceTree = "<group>"; };
		BC236CE213EF462A006C41C0 /* TagLibTests.octest */ = {isa = PBXFileReference; explicitFileType = wrapper.cfbundle; includeInIndex = 0; path = TagLibTests.octest; sourceTree = BUILT_PRODUCTS_DIR; };
		BC236CE313EF462A006C41C0 /* SenTestingKit.framework */ = {isa = PBXFileReference; lastKnownFileType = wrapper.framework; name = SenTestingKit.framework; path = Library/Frameworks/SenTestingKit.framework; sourceTree = DEVELOPER_DIR; };
		BC236CEB13EF462A006C41C0 /* TagLibTests-Info.plist */ = {isa = PBXFileReference; lastKnownFileType = text.plist.xml; path = "TagLibTests-Info.plist"; sourceTree = "<group>"; };
		BC236CED13EF462A006C41C0 /* en */ = {isa = PBXFileReference; lastKnownFileType = text.plist.strings; name = en; path = en.lproj/InfoPlist.strings; sourceTree = "<group>"; };
		BC236CEF13EF462A006C41C0 /* TagLibTests.h */ = {isa = PBXFileReference; lastKnownFileType = sourcecode.c.h; path = TagLibTests.h; sourceTree = "<group>"; };
		BC236CF113EF462A006C41C0 /* TagLibTests.m */ = {isa = PBXFileReference; lastKnownFileType = sourcecode.c.objc; path = TagLibTests.m; sourceTree = "<group>"; };
		BCAE786D13EF694800F1B15A /* TLMP4Atom.h */ = {isa = PBXFileReference; fileEncoding = 4; lastKnownFileType = sourcecode.c.h; name = TLMP4Atom.h; path = mp4/TLMP4Atom.h; sourceTree = "<group>"; };
		BCAE786E13EF694800F1B15A /* TLMP4Atom.m */ = {isa = PBXFileReference; fileEncoding = 4; lastKnownFileType = sourcecode.c.objc; name = TLMP4Atom.m; path = mp4/TLMP4Atom.m; sourceTree = "<group>"; };
		BCAE787313F04F9900F1B15A /* TLMP4Atoms.h */ = {isa = PBXFileReference; fileEncoding = 4; lastKnownFileType = sourcecode.c.h; name = TLMP4Atoms.h; path = mp4/TLMP4Atoms.h; sourceTree = "<group>"; };
		BCAE787413F04F9900F1B15A /* TLMP4Atoms.m */ = {isa = PBXFileReference; fileEncoding = 4; lastKnownFileType = sourcecode.c.objc; name = TLMP4Atoms.m; path = mp4/TLMP4Atoms.m; sourceTree = "<group>"; };
		BCECCC9713F063F100B8ACD7 /* TLID3v1Genres.h */ = {isa = PBXFileReference; fileEncoding = 4; lastKnownFileType = sourcecode.c.h; name = TLID3v1Genres.h; path = mpeg/id3v1/TLID3v1Genres.h; sourceTree = "<group>"; };
		BCECCC9813F063F100B8ACD7 /* TLID3v1Genres.m */ = {isa = PBXFileReference; fileEncoding = 4; lastKnownFileType = sourcecode.c.objc; name = TLID3v1Genres.m; path = mpeg/id3v1/TLID3v1Genres.m; sourceTree = "<group>"; };
		BCECCC9E13F06AD800B8ACD7 /* TLMP4Tag.h */ = {isa = PBXFileReference; fileEncoding = 4; lastKnownFileType = sourcecode.c.h; name = TLMP4Tag.h; path = mp4/TLMP4Tag.h; sourceTree = "<group>"; };
		BCECCC9F13F06AD800B8ACD7 /* TLMP4Tag.m */ = {isa = PBXFileReference; fileEncoding = 4; lastKnownFileType = sourcecode.c.objc; name = TLMP4Tag.m; path = mp4/TLMP4Tag.m; sourceTree = "<group>"; };
		BCECCCA213F072DC00B8ACD7 /* TLTag.h */ = {isa = PBXFileReference; fileEncoding = 4; lastKnownFileType = sourcecode.c.h; path = TLTag.h; sourceTree = "<group>"; };
		BCECCCA313F072DC00B8ACD7 /* TLTag.m */ = {isa = PBXFileReference; fileEncoding = 4; lastKnownFileType = sourcecode.c.objc; path = TLTag.m; sourceTree = "<group>"; };
		BCECCCC513F1A03300B8ACD7 /* TLMP4AtomInfo.h */ = {isa = PBXFileReference; fileEncoding = 4; lastKnownFileType = sourcecode.c.h; name = TLMP4AtomInfo.h; path = mp4/TLMP4AtomInfo.h; sourceTree = "<group>"; };
		BCECCCC613F1A03300B8ACD7 /* TLMP4AtomInfo.m */ = {isa = PBXFileReference; fileEncoding = 4; lastKnownFileType = sourcecode.c.objc; name = TLMP4AtomInfo.m; path = mp4/TLMP4AtomInfo.m; sourceTree = "<group>"; };
		BCECCCCD13F3837000B8ACD7 /* TLMP4Tag+FileParser.h */ = {isa = PBXFileReference; fileEncoding = 4; lastKnownFileType = sourcecode.c.h; name = "TLMP4Tag+FileParser.h"; path = "mp4/TLMP4Tag+FileParser.h"; sourceTree = "<group>"; };
		BCECCCCE13F3837000B8ACD7 /* TLMP4Tag+FileParser.m */ = {isa = PBXFileReference; fileEncoding = 4; lastKnownFileType = sourcecode.c.objc; name = "TLMP4Tag+FileParser.m"; path = "mp4/TLMP4Tag+FileParser.m"; sourceTree = "<group>"; };
		BCECCCD513F436D500B8ACD7 /* covr-junk.m4a */ = {isa = PBXFileReference; lastKnownFileType = file; name = "covr-junk.m4a"; path = "data/covr-junk.m4a"; sourceTree = "<group>"; };
		BCECCCD613F436D500B8ACD7 /* gnre.m4a */ = {isa = PBXFileReference; lastKnownFileType = file; name = gnre.m4a; path = data/gnre.m4a; sourceTree = "<group>"; };
		BCECCCD713F436D500B8ACD7 /* has-tags.m4a */ = {isa = PBXFileReference; lastKnownFileType = file; name = "has-tags.m4a"; path = "data/has-tags.m4a"; sourceTree = "<group>"; };
		BCECCCD813F436D500B8ACD7 /* ilst-is-last.m4a */ = {isa = PBXFileReference; lastKnownFileType = file; name = "ilst-is-last.m4a"; path = "data/ilst-is-last.m4a"; sourceTree = "<group>"; };
		BCECCCD913F436D500B8ACD7 /* no-tags.m4a */ = {isa = PBXFileReference; lastKnownFileType = file; name = "no-tags.m4a"; path = "data/no-tags.m4a"; sourceTree = "<group>"; };
		BCECCCE013F4554B00B8ACD7 /* NSData+Swapped.h */ = {isa = PBXFileReference; fileEncoding = 4; lastKnownFileType = sourcecode.c.h; name = "NSData+Swapped.h"; path = "lib/NSData+Swapped.h"; sourceTree = "<group>"; };
		BCECCCE113F4554B00B8ACD7 /* NSData+Swapped.m */ = {isa = PBXFileReference; fileEncoding = 4; lastKnownFileType = sourcecode.c.objc; name = "NSData+Swapped.m"; path = "lib/NSData+Swapped.m"; sourceTree = "<group>"; };
		BCECCCE413F46B9600B8ACD7 /* empty.aiff */ = {isa = PBXFileReference; lastKnownFileType = audio.aiff; name = empty.aiff; path = data/empty.aiff; sourceTree = "<group>"; };
		BCECCCE613F47ED400B8ACD7 /* TLMP4Tests.h */ = {isa = PBXFileReference; fileEncoding = 4; path = TLMP4Tests.h; sourceTree = "<group>"; };
		BCECCCE713F47ED400B8ACD7 /* TLMP4Tests.m */ = {isa = PBXFileReference; fileEncoding = 4; lastKnownFileType = sourcecode.c.objc; path = TLMP4Tests.m; sourceTree = "<group>"; };
/* End PBXFileReference section */

/* Begin PBXFrameworksBuildPhase section */
		BC236CC613EF462A006C41C0 /* Frameworks */ = {
			isa = PBXFrameworksBuildPhase;
			buildActionMask = 2147483647;
			files = (
				BC236CCE13EF462A006C41C0 /* Cocoa.framework in Frameworks */,
			);
			runOnlyForDeploymentPostprocessing = 0;
		};
		BC236CDE13EF462A006C41C0 /* Frameworks */ = {
			isa = PBXFrameworksBuildPhase;
			buildActionMask = 2147483647;
			files = (
				BC236CE413EF462A006C41C0 /* SenTestingKit.framework in Frameworks */,
				BC236CE513EF462A006C41C0 /* Cocoa.framework in Frameworks */,
				BC236CE813EF462A006C41C0 /* TagLib.framework in Frameworks */,
			);
			runOnlyForDeploymentPostprocessing = 0;
		};
/* End PBXFrameworksBuildPhase section */

/* Begin PBXGroup section */
		BC236CBE13EF462A006C41C0 = {
			isa = PBXGroup;
			children = (
				BC236CD313EF462A006C41C0 /* TagLib */,
				BC236CE913EF462A006C41C0 /* TagLibTests */,
				BC236CCC13EF462A006C41C0 /* Frameworks */,
				BC236CCB13EF462A006C41C0 /* Products */,
			);
			sourceTree = "<group>";
		};
		BC236CCB13EF462A006C41C0 /* Products */ = {
			isa = PBXGroup;
			children = (
				BC236CCA13EF462A006C41C0 /* TagLib.framework */,
				BC236CE213EF462A006C41C0 /* TagLibTests.octest */,
			);
			name = Products;
			sourceTree = "<group>";
		};
		BC236CCC13EF462A006C41C0 /* Frameworks */ = {
			isa = PBXGroup;
			children = (
				BC236CCD13EF462A006C41C0 /* Cocoa.framework */,
				BC236CE313EF462A006C41C0 /* SenTestingKit.framework */,
				BC236CCF13EF462A006C41C0 /* Other Frameworks */,
			);
			name = Frameworks;
			sourceTree = "<group>";
		};
		BC236CCF13EF462A006C41C0 /* Other Frameworks */ = {
			isa = PBXGroup;
			children = (
				BC236CD013EF462A006C41C0 /* AppKit.framework */,
				BC236CD113EF462A006C41C0 /* CoreData.framework */,
				BC236CD213EF462A006C41C0 /* Foundation.framework */,
			);
			name = "Other Frameworks";
			sourceTree = "<group>";
		};
		BC236CD313EF462A006C41C0 /* TagLib */ = {
			isa = PBXGroup;
			children = (
				BCECCCDF13F454E600B8ACD7 /* lib */,
				BCECCC9C13F069C600B8ACD7 /* mpeg */,
				BCAE787213EF697C00F1B15A /* mp4 */,
				BC236CDB13EF462A006C41C0 /* TagLib.m */,
				BC236CD413EF462A006C41C0 /* Supporting Files */,
				BCECCCA213F072DC00B8ACD7 /* TLTag.h */,
				BCECCCA313F072DC00B8ACD7 /* TLTag.m */,
			);
			path = TagLib;
			sourceTree = "<group>";
		};
		BC236CD413EF462A006C41C0 /* Supporting Files */ = {
			isa = PBXGroup;
			children = (
				BC236CD513EF462A006C41C0 /* TagLib-Info.plist */,
				BC236CD613EF462A006C41C0 /* InfoPlist.strings */,
				BC236CD913EF462A006C41C0 /* TagLib-Prefix.pch */,
			);
			name = "Supporting Files";
			sourceTree = "<group>";
		};
		BC236CE913EF462A006C41C0 /* TagLibTests */ = {
			isa = PBXGroup;
			children = (
				BC236CEF13EF462A006C41C0 /* TagLibTests.h */,
				BC236CF113EF462A006C41C0 /* TagLibTests.m */,
				BC236CEA13EF462A006C41C0 /* Supporting Files */,
				BCECCCE613F47ED400B8ACD7 /* TLMP4Tests.h */,
				BCECCCE713F47ED400B8ACD7 /* TLMP4Tests.m */,
			);
			path = TagLibTests;
			sourceTree = "<group>";
		};
		BC236CEA13EF462A006C41C0 /* Supporting Files */ = {
			isa = PBXGroup;
			children = (
				BCECCCE413F46B9600B8ACD7 /* empty.aiff */,
				BCECCCD513F436D500B8ACD7 /* covr-junk.m4a */,
				BCECCCD613F436D500B8ACD7 /* gnre.m4a */,
				BCECCCD713F436D500B8ACD7 /* has-tags.m4a */,
				BCECCCD813F436D500B8ACD7 /* ilst-is-last.m4a */,
				BCECCCD913F436D500B8ACD7 /* no-tags.m4a */,
				BC236CEB13EF462A006C41C0 /* TagLibTests-Info.plist */,
				BC236CEC13EF462A006C41C0 /* InfoPlist.strings */,
			);
			name = "Supporting Files";
			sourceTree = "<group>";
		};
		BCAE787213EF697C00F1B15A /* mp4 */ = {
			isa = PBXGroup;
			children = (
				BCAE786D13EF694800F1B15A /* TLMP4Atom.h */,
				BCAE786E13EF694800F1B15A /* TLMP4Atom.m */,
				BCAE787313F04F9900F1B15A /* TLMP4Atoms.h */,
				BCAE787413F04F9900F1B15A /* TLMP4Atoms.m */,
				BCECCC9E13F06AD800B8ACD7 /* TLMP4Tag.h */,
				BCECCC9F13F06AD800B8ACD7 /* TLMP4Tag.m */,
				BCECCCCD13F3837000B8ACD7 /* TLMP4Tag+FileParser.h */,
				BCECCCCE13F3837000B8ACD7 /* TLMP4Tag+FileParser.m */,
				BCECCCC613F1A03300B8ACD7 /* TLMP4AtomInfo.m */,
				BCECCCC513F1A03300B8ACD7 /* TLMP4AtomInfo.h */,
				BC236CDA13EF462A006C41C0 /* TagLib.h */,
			);
			name = mp4;
			sourceTree = "<group>";
		};
		BCECCC9C13F069C600B8ACD7 /* mpeg */ = {
			isa = PBXGroup;
			children = (
				BCECCC9D13F069D300B8ACD7 /* id3v1 */,
			);
			name = mpeg;
			sourceTree = "<group>";
		};
		BCECCC9D13F069D300B8ACD7 /* id3v1 */ = {
			isa = PBXGroup;
			children = (
				BCECCC9713F063F100B8ACD7 /* TLID3v1Genres.h */,
				BCECCC9813F063F100B8ACD7 /* TLID3v1Genres.m */,
			);
			name = id3v1;
			sourceTree = "<group>";
		};
		BCECCCDF13F454E600B8ACD7 /* lib */ = {
			isa = PBXGroup;
			children = (
				BCECCCE013F4554B00B8ACD7 /* NSData+Swapped.h */,
				BCECCCE113F4554B00B8ACD7 /* NSData+Swapped.m */,
			);
			name = lib;
			sourceTree = "<group>";
		};
/* End PBXGroup section */

/* Begin PBXHeadersBuildPhase section */
		BC236CC713EF462A006C41C0 /* Headers */ = {
			isa = PBXHeadersBuildPhase;
			buildActionMask = 2147483647;
			files = (
				BCAE786F13EF694800F1B15A /* TLMP4Atom.h in Headers */,
				BCAE787513F04F9900F1B15A /* TLMP4Atoms.h in Headers */,
				BCECCC9913F063F100B8ACD7 /* TLID3v1Genres.h in Headers */,
				BCECCCA013F06AD800B8ACD7 /* TLMP4Tag.h in Headers */,
				BCECCCA413F072DC00B8ACD7 /* TLTag.h in Headers */,
				BCECCCC713F1A03300B8ACD7 /* TLMP4AtomInfo.h in Headers */,
				BCECCCCF13F3837100B8ACD7 /* TLMP4Tag+FileParser.h in Headers */,
				BCECCCE213F4554B00B8ACD7 /* NSData+Swapped.h in Headers */,
			);
			runOnlyForDeploymentPostprocessing = 0;
		};
/* End PBXHeadersBuildPhase section */

/* Begin PBXNativeTarget section */
		BC236CC913EF462A006C41C0 /* TagLib */ = {
			isa = PBXNativeTarget;
			buildConfigurationList = BC236CF513EF462A006C41C0 /* Build configuration list for PBXNativeTarget "TagLib" */;
			buildPhases = (
				BC236CC513EF462A006C41C0 /* Sources */,
				BC236CC613EF462A006C41C0 /* Frameworks */,
				BC236CC713EF462A006C41C0 /* Headers */,
				BC236CC813EF462A006C41C0 /* Resources */,
			);
			buildRules = (
			);
			dependencies = (
			);
			name = TagLib;
			productName = TagLib;
			productReference = BC236CCA13EF462A006C41C0 /* TagLib.framework */;
			productType = "com.apple.product-type.framework";
		};
		BC236CE113EF462A006C41C0 /* TagLibTests */ = {
			isa = PBXNativeTarget;
			buildConfigurationList = BC236CF813EF462A006C41C0 /* Build configuration list for PBXNativeTarget "TagLibTests" */;
			buildPhases = (
				BC236CDD13EF462A006C41C0 /* Sources */,
				BC236CDE13EF462A006C41C0 /* Frameworks */,
				BC236CDF13EF462A006C41C0 /* Resources */,
				BC236CE013EF462A006C41C0 /* ShellScript */,
			);
			buildRules = (
			);
			dependencies = (
				BC236CE713EF462A006C41C0 /* PBXTargetDependency */,
			);
			name = TagLibTests;
			productName = TagLibTests;
			productReference = BC236CE213EF462A006C41C0 /* TagLibTests.octest */;
			productType = "com.apple.product-type.bundle";
		};
/* End PBXNativeTarget section */

/* Begin PBXProject section */
		BC236CC013EF462A006C41C0 /* Project object */ = {
			isa = PBXProject;
			buildConfigurationList = BC236CC313EF462A006C41C0 /* Build configuration list for PBXProject "TagLib" */;
			compatibilityVersion = "Xcode 3.2";
			developmentRegion = English;
			hasScannedForEncodings = 0;
			knownRegions = (
				en,
			);
			mainGroup = BC236CBE13EF462A006C41C0;
			productRefGroup = BC236CCB13EF462A006C41C0 /* Products */;
			projectDirPath = "";
			projectRoot = "";
			targets = (
				BC236CC913EF462A006C41C0 /* TagLib */,
				BC236CE113EF462A006C41C0 /* TagLibTests */,
			);
		};
/* End PBXProject section */

/* Begin PBXResourcesBuildPhase section */
		BC236CC813EF462A006C41C0 /* Resources */ = {
			isa = PBXResourcesBuildPhase;
			buildActionMask = 2147483647;
			files = (
				BC236CD813EF462A006C41C0 /* InfoPlist.strings in Resources */,
			);
			runOnlyForDeploymentPostprocessing = 0;
		};
		BC236CDF13EF462A006C41C0 /* Resources */ = {
			isa = PBXResourcesBuildPhase;
			buildActionMask = 2147483647;
			files = (
				BC236CEE13EF462A006C41C0 /* InfoPlist.strings in Resources */,
				BC236CF013EF462A006C41C0 /* TagLibTests.h in Resources */,
				BCECCCDA13F436D600B8ACD7 /* covr-junk.m4a in Resources */,
				BCECCCDB13F436D600B8ACD7 /* gnre.m4a in Resources */,
				BCECCCDC13F436D600B8ACD7 /* has-tags.m4a in Resources */,
				BCECCCDD13F436D600B8ACD7 /* ilst-is-last.m4a in Resources */,
				BCECCCDE13F436D600B8ACD7 /* no-tags.m4a in Resources */,
				BCECCCE513F46B9600B8ACD7 /* empty.aiff in Resources */,
			);
			runOnlyForDeploymentPostprocessing = 0;
		};
/* End PBXResourcesBuildPhase section */

/* Begin PBXShellScriptBuildPhase section */
		BC236CE013EF462A006C41C0 /* ShellScript */ = {
			isa = PBXShellScriptBuildPhase;
			buildActionMask = 2147483647;
			files = (
			);
			inputPaths = (
			);
			outputPaths = (
			);
			runOnlyForDeploymentPostprocessing = 0;
			shellPath = /bin/sh;
			shellScript = "# Run the unit tests in this test bundle.\n\"${SYSTEM_DEVELOPER_DIR}/Tools/RunUnitTests\"\n";
		};
/* End PBXShellScriptBuildPhase section */

/* Begin PBXSourcesBuildPhase section */
		BC236CC513EF462A006C41C0 /* Sources */ = {
			isa = PBXSourcesBuildPhase;
			buildActionMask = 2147483647;
			files = (
				BC236CDC13EF462A006C41C0 /* TagLib.m in Sources */,
				BCAE787013EF694800F1B15A /* TLMP4Atom.m in Sources */,
				BCAE787613F04F9900F1B15A /* TLMP4Atoms.m in Sources */,
				BCECCC9A13F063F100B8ACD7 /* TLID3v1Genres.m in Sources */,
				BCECCCA113F06AD800B8ACD7 /* TLMP4Tag.m in Sources */,
				BCECCCA513F072DC00B8ACD7 /* TLTag.m in Sources */,
				BCECCCC813F1A03300B8ACD7 /* TLMP4AtomInfo.m in Sources */,
				BCECCCD013F3837100B8ACD7 /* TLMP4Tag+FileParser.m in Sources */,
				BCECCCE313F4554B00B8ACD7 /* NSData+Swapped.m in Sources */,
			);
			runOnlyForDeploymentPostprocessing = 0;
		};
		BC236CDD13EF462A006C41C0 /* Sources */ = {
			isa = PBXSourcesBuildPhase;
			buildActionMask = 2147483647;
			files = (
				BC236CF213EF462A006C41C0 /* TagLibTests.m in Sources */,
				BCECCCE813F47ED400B8ACD7 /* TLMP4Tests.m in Sources */,
			);
			runOnlyForDeploymentPostprocessing = 0;
		};
/* End PBXSourcesBuildPhase section */

/* Begin PBXTargetDependency section */
		BC236CE713EF462A006C41C0 /* PBXTargetDependency */ = {
			isa = PBXTargetDependency;
			target = BC236CC913EF462A006C41C0 /* TagLib */;
			targetProxy = BC236CE613EF462A006C41C0 /* PBXContainerItemProxy */;
		};
/* End PBXTargetDependency section */

/* Begin PBXVariantGroup section */
		BC236CD613EF462A006C41C0 /* InfoPlist.strings */ = {
			isa = PBXVariantGroup;
			children = (
				BC236CD713EF462A006C41C0 /* en */,
			);
			name = InfoPlist.strings;
			sourceTree = "<group>";
		};
		BC236CEC13EF462A006C41C0 /* InfoPlist.strings */ = {
			isa = PBXVariantGroup;
			children = (
				BC236CED13EF462A006C41C0 /* en */,
			);
			name = InfoPlist.strings;
			sourceTree = "<group>";
		};
/* End PBXVariantGroup section */

/* Begin XCBuildConfiguration section */
		BC236CF313EF462A006C41C0 /* Debug */ = {
			isa = XCBuildConfiguration;
			buildSettings = {
				ALWAYS_SEARCH_USER_PATHS = NO;
				ARCHS = "$(ARCHS_STANDARD_64_BIT)";
				COPY_PHASE_STRIP = NO;
				GCC_C_LANGUAGE_STANDARD = gnu99;
				GCC_DYNAMIC_NO_PIC = NO;
				GCC_ENABLE_OBJC_EXCEPTIONS = YES;
				GCC_OPTIMIZATION_LEVEL = 0;
				GCC_PREPROCESSOR_DEFINITIONS = (
					"DEBUG=1",
					"$(inherited)",
				);
				GCC_SYMBOLS_PRIVATE_EXTERN = NO;
				GCC_VERSION = com.apple.compilers.llvm.clang.1_0;
				GCC_WARN_64_TO_32_BIT_CONVERSION = YES;
				GCC_WARN_ABOUT_MISSING_PROTOTYPES = YES;
				GCC_WARN_ABOUT_RETURN_TYPE = YES;
				GCC_WARN_UNUSED_VARIABLE = YES;
				MACOSX_DEPLOYMENT_TARGET = 10.7;
				ONLY_ACTIVE_ARCH = YES;
				SDKROOT = macosx;
			};
			name = Debug;
		};
		BC236CF413EF462A006C41C0 /* Release */ = {
			isa = XCBuildConfiguration;
			buildSettings = {
				ALWAYS_SEARCH_USER_PATHS = NO;
				ARCHS = "$(ARCHS_STANDARD_64_BIT)";
				COPY_PHASE_STRIP = YES;
				DEBUG_INFORMATION_FORMAT = "dwarf-with-dsym";
				GCC_C_LANGUAGE_STANDARD = gnu99;
				GCC_ENABLE_OBJC_EXCEPTIONS = YES;
				GCC_VERSION = com.apple.compilers.llvm.clang.1_0;
				GCC_WARN_64_TO_32_BIT_CONVERSION = YES;
				GCC_WARN_ABOUT_MISSING_PROTOTYPES = YES;
				GCC_WARN_ABOUT_RETURN_TYPE = YES;
				GCC_WARN_UNUSED_VARIABLE = YES;
				MACOSX_DEPLOYMENT_TARGET = 10.7;
				SDKROOT = macosx;
			};
			name = Release;
		};
		BC236CF613EF462A006C41C0 /* Debug */ = {
			isa = XCBuildConfiguration;
			buildSettings = {
				DYLIB_COMPATIBILITY_VERSION = 1;
				DYLIB_CURRENT_VERSION = 1;
				FRAMEWORK_VERSION = A;
				GCC_ENABLE_OBJC_GC = required;
				GCC_PRECOMPILE_PREFIX_HEADER = YES;
				GCC_PREFIX_HEADER = "TagLib/TagLib-Prefix.pch";
				GCC_WARN_ABOUT_MISSING_NEWLINE = YES;
				GCC_WARN_INITIALIZER_NOT_FULLY_BRACKETED = YES;
				GCC_WARN_MULTIPLE_DEFINITION_TYPES_FOR_SELECTOR = YES;
				GCC_WARN_PEDANTIC = YES;
				GCC_WARN_SHADOW = YES;
				GCC_WARN_SIGN_COMPARE = YES;
				GCC_WARN_UNDECLARED_SELECTOR = YES;
				GCC_WARN_UNUSED_FUNCTION = YES;
				GCC_WARN_UNUSED_PARAMETER = YES;
				INFOPLIST_FILE = "TagLib/TagLib-Info.plist";
				PRODUCT_NAME = "$(TARGET_NAME)";
				WRAPPER_EXTENSION = framework;
			};
			name = Debug;
		};
		BC236CF713EF462A006C41C0 /* Release */ = {
			isa = XCBuildConfiguration;
			buildSettings = {
				DYLIB_COMPATIBILITY_VERSION = 1;
				DYLIB_CURRENT_VERSION = 1;
				FRAMEWORK_VERSION = A;
				GCC_ENABLE_OBJC_GC = required;
				GCC_PRECOMPILE_PREFIX_HEADER = YES;
				GCC_PREFIX_HEADER = "TagLib/TagLib-Prefix.pch";
				GCC_WARN_ABOUT_MISSING_NEWLINE = YES;
				GCC_WARN_INITIALIZER_NOT_FULLY_BRACKETED = YES;
				GCC_WARN_MULTIPLE_DEFINITION_TYPES_FOR_SELECTOR = YES;
				GCC_WARN_PEDANTIC = YES;
				GCC_WARN_SHADOW = YES;
				GCC_WARN_SIGN_COMPARE = YES;
				GCC_WARN_UNDECLARED_SELECTOR = YES;
				GCC_WARN_UNUSED_FUNCTION = YES;
				GCC_WARN_UNUSED_PARAMETER = YES;
				INFOPLIST_FILE = "TagLib/TagLib-Info.plist";
				PRODUCT_NAME = "$(TARGET_NAME)";
				WRAPPER_EXTENSION = framework;
			};
			name = Release;
		};
		BC236CF913EF462A006C41C0 /* Debug */ = {
			isa = XCBuildConfiguration;
			buildSettings = {
				FRAMEWORK_SEARCH_PATHS = "$(DEVELOPER_LIBRARY_DIR)/Frameworks";
				GCC_ENABLE_OBJC_GC = required;
				GCC_PRECOMPILE_PREFIX_HEADER = YES;
				GCC_PREFIX_HEADER = "TagLib/TagLib-Prefix.pch";
				GCC_WARN_ABOUT_MISSING_FIELD_INITIALIZERS = YES;
				GCC_WARN_ABOUT_MISSING_NEWLINE = YES;
				GCC_WARN_INITIALIZER_NOT_FULLY_BRACKETED = YES;
				GCC_WARN_MULTIPLE_DEFINITION_TYPES_FOR_SELECTOR = YES;
				GCC_WARN_PEDANTIC = NO;
				GCC_WARN_SHADOW = YES;
				GCC_WARN_SIGN_COMPARE = YES;
				GCC_WARN_STRICT_SELECTOR_MATCH = YES;
				GCC_WARN_UNDECLARED_SELECTOR = YES;
				GCC_WARN_UNINITIALIZED_AUTOS = YES;
				GCC_WARN_UNKNOWN_PRAGMAS = YES;
				GCC_WARN_UNUSED_FUNCTION = NO;
				GCC_WARN_UNUSED_LABEL = YES;
				GCC_WARN_UNUSED_PARAMETER = YES;
				INFOPLIST_FILE = "TagLibTests/TagLibTests-Info.plist";
				PRODUCT_NAME = "$(TARGET_NAME)";
				WRAPPER_EXTENSION = octest;
			};
			name = Debug;
		};
		BC236CFA13EF462A006C41C0 /* Release */ = {
			isa = XCBuildConfiguration;
			buildSettings = {
				FRAMEWORK_SEARCH_PATHS = "$(DEVELOPER_LIBRARY_DIR)/Frameworks";
				GCC_ENABLE_OBJC_GC = required;
				GCC_PRECOMPILE_PREFIX_HEADER = YES;
				GCC_PREFIX_HEADER = "TagLib/TagLib-Prefix.pch";
				GCC_WARN_ABOUT_MISSING_FIELD_INITIALIZERS = YES;
				GCC_WARN_ABOUT_MISSING_NEWLINE = YES;
				GCC_WARN_INITIALIZER_NOT_FULLY_BRACKETED = YES;
				GCC_WARN_MULTIPLE_DEFINITION_TYPES_FOR_SELECTOR = YES;
				GCC_WARN_PEDANTIC = NO;
				GCC_WARN_SHADOW = YES;
				GCC_WARN_SIGN_COMPARE = YES;
				GCC_WARN_STRICT_SELECTOR_MATCH = YES;
				GCC_WARN_UNDECLARED_SELECTOR = YES;
				GCC_WARN_UNINITIALIZED_AUTOS = YES;
				GCC_WARN_UNKNOWN_PRAGMAS = YES;
				GCC_WARN_UNUSED_FUNCTION = NO;
				GCC_WARN_UNUSED_LABEL = YES;
				GCC_WARN_UNUSED_PARAMETER = YES;
				INFOPLIST_FILE = "TagLibTests/TagLibTests-Info.plist";
				PRODUCT_NAME = "$(TARGET_NAME)";
				WRAPPER_EXTENSION = octest;
			};
			name = Release;
		};
/* End XCBuildConfiguration section */

/* Begin XCConfigurationList section */
		BC236CC313EF462A006C41C0 /* Build configuration list for PBXProject "TagLib" */ = {
			isa = XCConfigurationList;
			buildConfigurations = (
				BC236CF313EF462A006C41C0 /* Debug */,
				BC236CF413EF462A006C41C0 /* Release */,
			);
			defaultConfigurationIsVisible = 0;
			defaultConfigurationName = Release;
		};
		BC236CF513EF462A006C41C0 /* Build configuration list for PBXNativeTarget "TagLib" */ = {
			isa = XCConfigurationList;
			buildConfigurations = (
				BC236CF613EF462A006C41C0 /* Debug */,
				BC236CF713EF462A006C41C0 /* Release */,
			);
			defaultConfigurationIsVisible = 0;
			defaultConfigurationName = Release;
		};
		BC236CF813EF462A006C41C0 /* Build configuration list for PBXNativeTarget "TagLibTests" */ = {
			isa = XCConfigurationList;
			buildConfigurations = (
				BC236CF913EF462A006C41C0 /* Debug */,
				BC236CFA13EF462A006C41C0 /* Release */,
			);
			defaultConfigurationIsVisible = 0;
			defaultConfigurationName = Release;
		};
/* End XCConfigurationList section */
	};
	rootObject = BC236CC013EF462A006C41C0 /* Project object */;
}
